
Microsoft Visual Studio Solution File, Format Version 12.00
# Visual Studio Version 17
VisualStudioVersion = 17.0.32014.148
MinimumVisualStudioVersion = 10.0.40219.1
Project("{9A19103F-16F7-4668-BE54-9A1E7A4F7556}") = "FecPoc.Infrastructure", "FecPoc.Infrastructure\FecPoc.Infrastructure.csproj", "{5CCE54E6-4C63-4467-8CA9-3CE82BD48F17}"
EndProject
Project("{9A19103F-16F7-4668-BE54-9A1E7A4F7556}") = "FecPoc.Core", "FecPoc.Core\FecPoc.Core.csproj", "{1C54F03F-4220-4E3B-8A77-34D17CCEC40B}"
EndProject
Project("{FAE04EC0-301F-11D3-BF4B-00C04F79EFBC}") = "FecPoc.WebApi", "FecPoc.WebApi\FecPoc.WebApi.csproj", "{570FC38B-D004-4844-AAC6-C796B877CFF8}"
EndProject
Project("{FAE04EC0-301F-11D3-BF4B-00C04F79EFBC}") = "FecPoc.Common", "FecPoc.Common\FecPoc.Common.csproj", "{973C6A45-9093-4397-99AC-23FCEE8C0F6D}"
EndProject
Global
	GlobalSection(SolutionConfigurationPlatforms) = preSolution
		Debug|Any CPU = Debug|Any CPU
		Release|Any CPU = Release|Any CPU
	EndGlobalSection
	GlobalSection(ProjectConfigurationPlatforms) = postSolution
		{5CCE54E6-4C63-4467-8CA9-3CE82BD48F17}.Debug|Any CPU.ActiveCfg = Debug|Any CPU
		{5CCE54E6-4C63-4467-8CA9-3CE82BD48F17}.Debug|Any CPU.Build.0 = Debug|Any CPU
		{5CCE54E6-4C63-4467-8CA9-3CE82BD48F17}.Release|Any CPU.ActiveCfg = Release|Any CPU
		{5CCE54E6-4C63-4467-8CA9-3CE82BD48F17}.Release|Any CPU.Build.0 = Release|Any CPU
		{1C54F03F-4220-4E3B-8A77-34D17CCEC40B}.Debug|Any CPU.ActiveCfg = Debug|Any CPU
		{1C54F03F-4220-4E3B-8A77-34D17CCEC40B}.Debug|Any CPU.Build.0 = Debug|Any CPU
		{1C54F03F-4220-4E3B-8A77-34D17CCEC40B}.Release|Any CPU.ActiveCfg = Release|Any CPU
		{1C54F03F-4220-4E3B-8A77-34D17CCEC40B}.Release|Any CPU.Build.0 = Release|Any CPU
		{570FC38B-D004-4844-AAC6-C796B877CFF8}.Debug|Any CPU.ActiveCfg = Debug|Any CPU
		{570FC38B-D004-4844-AAC6-C796B877CFF8}.Debug|Any CPU.Build.0 = Debug|Any CPU
		{570FC38B-D004-4844-AAC6-C796B877CFF8}.Release|Any CPU.ActiveCfg = Release|Any CPU
		{570FC38B-D004-4844-AAC6-C796B877CFF8}.Release|Any CPU.Build.0 = Release|Any CPU
		{973C6A45-9093-4397-99AC-23FCEE8C0F6D}.Debug|Any CPU.ActiveCfg = Debug|Any CPU
		{973C6A45-9093-4397-99AC-23FCEE8C0F6D}.Debug|Any CPU.Build.0 = Debug|Any CPU
		{973C6A45-9093-4397-99AC-23FCEE8C0F6D}.Release|Any CPU.ActiveCfg = Release|Any CPU
		{973C6A45-9093-4397-99AC-23FCEE8C0F6D}.Release|Any CPU.Build.0 = Release|Any CPU
	EndGlobalSection
	GlobalSection(SolutionProperties) = preSolution
		HideSolutionNode = FALSE
	EndGlobalSection
	GlobalSection(ExtensibilityGlobals) = postSolution
		SolutionGuid = {5CE2C88F-44A5-4CE2-80D5-71483475ADE6}
	EndGlobalSection
EndGlobal
